
Microsoft Visual Studio Solution File, Format Version 12.00
# Visual Studio 15
VisualStudioVersion = 15.0.28307.1267
MinimumVisualStudioVersion = 10.0.40219.1
Project("{FAE04EC0-301F-11D3-BF4B-00C04F79EFBC}") = "ConsoleApp", "ConsoleApp\ConsoleApp.csproj", "{103300D2-792F-4EF4-89EC-94F04C457706}"
EndProject
Project("{FAE04EC0-301F-11D3-BF4B-00C04F79EFBC}") = "UnitTestProject", "UnitTestProject\UnitTestProject.csproj", "{7F43A023-807B-48B8-988E-61EF0E84B9D6}"
EndProject
Global
	GlobalSection(SolutionConfigurationPlatforms) = preSolution
		Debug|Any CPU = Debug|Any CPU
		Release|Any CPU = Release|Any CPU
	EndGlobalSection
	GlobalSection(ProjectConfigurationPlatforms) = postSolution
		{103300D2-792F-4EF4-89EC-94F04C457706}.Debug|Any CPU.ActiveCfg = Debug|Any CPU
		{103300D2-792F-4EF4-89EC-94F04C457706}.Debug|Any CPU.Build.0 = Debug|Any CPU
		{103300D2-792F-4EF4-89EC-94F04C457706}.Release|Any CPU.ActiveCfg = Release|Any CPU
		{103300D2-792F-4EF4-89EC-94F04C457706}.Release|Any CPU.Build.0 = Release|Any CPU
		{7F43A023-807B-48B8-988E-61EF0E84B9D6}.Debug|Any CPU.ActiveCfg = Debug|Any CPU
		{7F43A023-807B-48B8-988E-61EF0E84B9D6}.Debug|Any CPU.Build.0 = Debug|Any CPU
		{7F43A023-807B-48B8-988E-61EF0E84B9D6}.Release|Any CPU.ActiveCfg = Release|Any CPU
		{7F43A023-807B-48B8-988E-61EF0E84B9D6}.Release|Any CPU.Build.0 = Release|Any CPU
	EndGlobalSection
	GlobalSection(SolutionProperties) = preSolution
		HideSolutionNode = FALSE
	EndGlobalSection
	GlobalSection(ExtensibilityGlobals) = postSolution
		SolutionGuid = {4E05C1F2-2475-4BD0-A1BE-54CE8A73D93F}
	EndGlobalSection
EndGlobal
